
Microsoft Visual Studio Solution File, Format Version 12.00
# Visual Studio Version 16
VisualStudioVersion = 16.0.30621.155
MinimumVisualStudioVersion = 10.0.40219.1
Project("{FAE04EC0-301F-11D3-BF4B-00C04F79EFBC}") = "AddressBookProblem", "AddressBookProblem\AddressBookProblem.csproj", "{52C14253-FA7E-4BFF-9593-038EA47732CA}"
EndProject
Global
	GlobalSection(SolutionConfigurationPlatforms) = preSolution
		Debug|Any CPU = Debug|Any CPU
		Release|Any CPU = Release|Any CPU
	EndGlobalSection
	GlobalSection(ProjectConfigurationPlatforms) = postSolution
		{52C14253-FA7E-4BFF-9593-038EA47732CA}.Debug|Any CPU.ActiveCfg = Debug|Any CPU
		{52C14253-FA7E-4BFF-9593-038EA47732CA}.Debug|Any CPU.Build.0 = Debug|Any CPU
		{52C14253-FA7E-4BFF-9593-038EA47732CA}.Release|Any CPU.ActiveCfg = Release|Any CPU
		{52C14253-FA7E-4BFF-9593-038EA47732CA}.Release|Any CPU.Build.0 = Release|Any CPU
	EndGlobalSection
	GlobalSection(SolutionProperties) = preSolution
		HideSolutionNode = FALSE
	EndGlobalSection
	GlobalSection(ExtensibilityGlobals) = postSolution
		SolutionGuid = {F3483503-CEE4-4FE5-936F-4BAD25DE3A22}
	EndGlobalSection
EndGlobal
